
Microsoft Visual Studio Solution File, Format Version 12.00
# Visual Studio 15
VisualStudioVersion = 15.0.28307.1022
MinimumVisualStudioVersion = 10.0.40219.1
Project("{FAE04EC0-301F-11D3-BF4B-00C04F79EFBC}") = "SixthQuestion", "SixthQuestion\SixthQuestion.csproj", "{9DA40400-2F3A-4CC7-8D9A-BF83B45234BA}"
EndProject
Global
	GlobalSection(SolutionConfigurationPlatforms) = preSolution
		Debug|Any CPU = Debug|Any CPU
		Release|Any CPU = Release|Any CPU
	EndGlobalSection
	GlobalSection(ProjectConfigurationPlatforms) = postSolution
		{9DA40400-2F3A-4CC7-8D9A-BF83B45234BA}.Debug|Any CPU.ActiveCfg = Debug|Any CPU
		{9DA40400-2F3A-4CC7-8D9A-BF83B45234BA}.Debug|Any CPU.Build.0 = Debug|Any CPU
		{9DA40400-2F3A-4CC7-8D9A-BF83B45234BA}.Release|Any CPU.ActiveCfg = Release|Any CPU
		{9DA40400-2F3A-4CC7-8D9A-BF83B45234BA}.Release|Any CPU.Build.0 = Release|Any CPU
	EndGlobalSection
	GlobalSection(SolutionProperties) = preSolution
		HideSolutionNode = FALSE
	EndGlobalSection
	GlobalSection(ExtensibilityGlobals) = postSolution
		SolutionGuid = {4933EFD1-9154-4489-9F8C-F3704D0E2742}
	EndGlobalSection
EndGlobal
